
Microsoft Visual Studio Solution File, Format Version 12.00
# Visual Studio Version 16
VisualStudioVersion = 16.0.30611.23
MinimumVisualStudioVersion = 10.0.40219.1
Project("{FAE04EC0-301F-11D3-BF4B-00C04F79EFBC}") = "DietApp.Android", "DietApp\DietApp.Android\DietApp.Android.csproj", "{A05DB929-6F26-43A2-97E4-94B85F76F5A7}"
EndProject
Project("{FAE04EC0-301F-11D3-BF4B-00C04F79EFBC}") = "DietApp", "DietApp\DietApp\DietApp.csproj", "{B72BBD04-E159-4791-B092-8CE0DEDD0362}"
EndProject
Global
	GlobalSection(SolutionConfigurationPlatforms) = preSolution
		Debug|Any CPU = Debug|Any CPU
		Release|Any CPU = Release|Any CPU
	EndGlobalSection
	GlobalSection(ProjectConfigurationPlatforms) = postSolution
		{A05DB929-6F26-43A2-97E4-94B85F76F5A7}.Debug|Any CPU.ActiveCfg = Debug|Any CPU
		{A05DB929-6F26-43A2-97E4-94B85F76F5A7}.Debug|Any CPU.Build.0 = Debug|Any CPU
		{A05DB929-6F26-43A2-97E4-94B85F76F5A7}.Debug|Any CPU.Deploy.0 = Debug|Any CPU
		{A05DB929-6F26-43A2-97E4-94B85F76F5A7}.Release|Any CPU.ActiveCfg = Release|Any CPU
		{A05DB929-6F26-43A2-97E4-94B85F76F5A7}.Release|Any CPU.Build.0 = Release|Any CPU
		{A05DB929-6F26-43A2-97E4-94B85F76F5A7}.Release|Any CPU.Deploy.0 = Release|Any CPU
		{B72BBD04-E159-4791-B092-8CE0DEDD0362}.Debug|Any CPU.ActiveCfg = Debug|Any CPU
		{B72BBD04-E159-4791-B092-8CE0DEDD0362}.Debug|Any CPU.Build.0 = Debug|Any CPU
		{B72BBD04-E159-4791-B092-8CE0DEDD0362}.Debug|Any CPU.Deploy.0 = Debug|Any CPU
		{B72BBD04-E159-4791-B092-8CE0DEDD0362}.Release|Any CPU.ActiveCfg = Release|Any CPU
		{B72BBD04-E159-4791-B092-8CE0DEDD0362}.Release|Any CPU.Build.0 = Release|Any CPU
		{B72BBD04-E159-4791-B092-8CE0DEDD0362}.Release|Any CPU.Deploy.0 = Release|Any CPU
	EndGlobalSection
	GlobalSection(SolutionProperties) = preSolution
		HideSolutionNode = FALSE
	EndGlobalSection
	GlobalSection(ExtensibilityGlobals) = postSolution
		SolutionGuid = {2BB1C44C-9E55-47DE-BEE1-26340300E732}
	EndGlobalSection
EndGlobal
